{
  "name": "viewer",
  "version": "1.0.0",
  "lockfileVersion": 3,
  "requires": true,
  "packages": {
    "": {
      "name": "viewer",
      "version": "1.0.0",
      "license": "ISC",
      "dependencies": {
        "vhacd-js": "^0.0.1"
      }
    },
    "node_modules/vhacd-js": {
      "version": "0.0.1",
      "resolved": "https://registry.npmjs.org/vhacd-js/-/vhacd-js-0.0.1.tgz",
      "integrity": "sha512-UfFbxWkl59mjtMX1z5AhWxGu91RdHK67JOHyfgIUA/gk+XD30djG6XJgEpVY65X4W/a04U9urWQnlLjsWwlgKA==",
      "license": "BSD-3-Clause"
    }
  }
}
